{
  "name": "apryse-overlap-repro",
  "lockfileVersion": 3,
  "requires": true,
  "packages": {
    "": {
      "dependencies": {
        "@pdftron/webviewer": "^11.12.0"
      }
    },
    "node_modules/@pdftron/webviewer": {
      "version": "11.12.0",
      "resolved": "https://registry.npmjs.org/@pdftron/webviewer/-/webviewer-11.12.0.tgz",
      "integrity": "sha512-9GqjbLQTIR5jgFVKX99dcRHtfqFk0ctej3vy4eD9u3Xx5wAhrnZJjYCD4H7l+IWdr8CIqMSkl0K2RNWeiq86rw=="
    }
  }
}
